
Microsoft Visual Studio Solution File, Format Version 12.00
# Visual Studio 15
VisualStudioVersion = 15.0.27703.2042
MinimumVisualStudioVersion = 10.0.40219.1
Project("{FAE04EC0-301F-11D3-BF4B-00C04F79EFBC}") = "KoshApp.Android", "KoshApp\KoshApp.Android\KoshApp.Android.csproj", "{03CC5C43-3AC2-4378-B9F4-488608863D26}"
EndProject
Project("{FAE04EC0-301F-11D3-BF4B-00C04F79EFBC}") = "KoshApp", "KoshApp\KoshApp\KoshApp.csproj", "{784D2A5C-4C34-48EB-BD28-F1E953E85577}"
EndProject
Global
	GlobalSection(SolutionConfigurationPlatforms) = preSolution
		Debug|Any CPU = Debug|Any CPU
		Release|Any CPU = Release|Any CPU
	EndGlobalSection
	GlobalSection(ProjectConfigurationPlatforms) = postSolution
		{03CC5C43-3AC2-4378-B9F4-488608863D26}.Debug|Any CPU.ActiveCfg = Debug|Any CPU
		{03CC5C43-3AC2-4378-B9F4-488608863D26}.Debug|Any CPU.Build.0 = Debug|Any CPU
		{03CC5C43-3AC2-4378-B9F4-488608863D26}.Debug|Any CPU.Deploy.0 = Debug|Any CPU
		{03CC5C43-3AC2-4378-B9F4-488608863D26}.Release|Any CPU.ActiveCfg = Release|Any CPU
		{03CC5C43-3AC2-4378-B9F4-488608863D26}.Release|Any CPU.Build.0 = Release|Any CPU
		{03CC5C43-3AC2-4378-B9F4-488608863D26}.Release|Any CPU.Deploy.0 = Release|Any CPU
		{784D2A5C-4C34-48EB-BD28-F1E953E85577}.Debug|Any CPU.ActiveCfg = Debug|Any CPU
		{784D2A5C-4C34-48EB-BD28-F1E953E85577}.Debug|Any CPU.Build.0 = Debug|Any CPU
		{784D2A5C-4C34-48EB-BD28-F1E953E85577}.Debug|Any CPU.Deploy.0 = Debug|Any CPU
		{784D2A5C-4C34-48EB-BD28-F1E953E85577}.Release|Any CPU.ActiveCfg = Release|Any CPU
		{784D2A5C-4C34-48EB-BD28-F1E953E85577}.Release|Any CPU.Build.0 = Release|Any CPU
		{784D2A5C-4C34-48EB-BD28-F1E953E85577}.Release|Any CPU.Deploy.0 = Release|Any CPU
	EndGlobalSection
	GlobalSection(SolutionProperties) = preSolution
		HideSolutionNode = FALSE
	EndGlobalSection
	GlobalSection(ExtensibilityGlobals) = postSolution
		SolutionGuid = {38B0C2E9-D10D-4BBF-9A53-E8C0E52D44A9}
	EndGlobalSection
EndGlobal
